// !$*UTF8*$!
{
	archiveVersion = 1;
	classes = {
	};
	objectVersion = 50;
	objects = {

/* Begin PBXBuildFile section */
		0D3F486F233E1988005B5B6E /* AnimationFactory.swift in Sources */ = {isa = PBXBuildFile; fileRef = 0D3F486D233E1987005B5B6E /* AnimationFactory.swift */; };
		0D3F4870233E1988005B5B6E /* Animator.swift in Sources */ = {isa = PBXBuildFile; fileRef = 0D3F486E233E1987005B5B6E /* Animator.swift */; };
		0D3F4872233E6DA3005B5B6E /* UITableView+Extension.swift in Sources */ = {isa = PBXBuildFile; fileRef = 0D3F4871233E6DA3005B5B6E /* UITableView+Extension.swift */; };
		8E00BBF5233C87A90025DB85 /* AppDelegate.swift in Sources */ = {isa = PBXBuildFile; fileRef = 8E00BBF4233C87A90025DB85 /* AppDelegate.swift */; };
		8E00BBF7233C87A90025DB85 /* TeamMemberViewController.swift in Sources */ = {isa = PBXBuildFile; fileRef = 8E00BBF6233C87A90025DB85 /* TeamMemberViewController.swift */; };
		8E00BBFA233C87A90025DB85 /* Main.storyboard in Resources */ = {isa = PBXBuildFile; fileRef = 8E00BBF8233C87A90025DB85 /* Main.storyboard */; };
		8E00BBFC233C87AA0025DB85 /* Assets.xcassets in Resources */ = {isa = PBXBuildFile; fileRef = 8E00BBFB233C87AA0025DB85 /* Assets.xcassets */; };
		8E00BBFF233C87AA0025DB85 /* LaunchScreen.storyboard in Resources */ = {isa = PBXBuildFile; fileRef = 8E00BBFD233C87AA0025DB85 /* LaunchScreen.storyboard */; };
		8E00BC07233C87EA0025DB85 /* team.json in Resources */ = {isa = PBXBuildFile; fileRef = 8E00BC06233C87EA0025DB85 /* team.json */; };
		8E00BC09233C9F9B0025DB85 /* TeamMemberTableViewCell.swift in Sources */ = {isa = PBXBuildFile; fileRef = 8E00BC08233C9F9B0025DB85 /* TeamMemberTableViewCell.swift */; };
		8E00BC0B233CA0130025DB85 /* TeamMember.swift in Sources */ = {isa = PBXBuildFile; fileRef = 8E00BC0A233CA0130025DB85 /* TeamMember.swift */; };
/* End PBXBuildFile section */

/* Begin PBXFileReference section */
		0D3F486D233E1987005B5B6E /* AnimationFactory.swift */ = {isa = PBXFileReference; fileEncoding = 4; lastKnownFileType = sourcecode.swift; path = AnimationFactory.swift; sourceTree = "<group>"; };
		0D3F486E233E1987005B5B6E /* Animator.swift */ = {isa = PBXFileReference; fileEncoding = 4; lastKnownFileType = sourcecode.swift; path = Animator.swift; sourceTree = "<group>"; };
		0D3F4871233E6DA3005B5B6E /* UITableView+Extension.swift */ = {isa = PBXFileReference; fileEncoding = 4; lastKnownFileType = sourcecode.swift; name = "UITableView+Extension.swift"; path = "../UITableView+Extension.swift"; sourceTree = "<group>"; };
		8E00BBF1233C87A90025DB85 /* QuizUI.app */ = {isa = PBXFileReference; explicitFileType = wrapper.application; includeInIndex = 0; path = QuizUI.app; sourceTree = BUILT_PRODUCTS_DIR; };
		8E00BBF4233C87A90025DB85 /* AppDelegate.swift */ = {isa = PBXFileReference; lastKnownFileType = sourcecode.swift; path = AppDelegate.swift; sourceTree = "<group>"; };
		8E00BBF6233C87A90025DB85 /* TeamMemberViewController.swift */ = {isa = PBXFileReference; lastKnownFileType = sourcecode.swift; name = TeamMemberViewController.swift; path = ../TeamMemberViewController.swift; sourceTree = "<group>"; };
		8E00BBF9233C87A90025DB85 /* Base */ = {isa = PBXFileReference; lastKnownFileType = file.storyboard; name = Base; path = Base.lproj/Main.storyboard; sourceTree = "<group>"; };
		8E00BBFB233C87AA0025DB85 /* Assets.xcassets */ = {isa = PBXFileReference; lastKnownFileType = folder.assetcatalog; path = Assets.xcassets; sourceTree = "<group>"; };
		8E00BBFE233C87AA0025DB85 /* Base */ = {isa = PBXFileReference; lastKnownFileType = file.storyboard; name = Base; path = Base.lproj/LaunchScreen.storyboard; sourceTree = "<group>"; };
		8E00BC00233C87AA0025DB85 /* Info.plist */ = {isa = PBXFileReference; lastKnownFileType = text.plist.xml; path = Info.plist; sourceTree = "<group>"; };
		8E00BC06233C87EA0025DB85 /* team.json */ = {isa = PBXFileReference; fileEncoding = 4; lastKnownFileType = text.json; path = team.json; sourceTree = "<group>"; };
		8E00BC08233C9F9B0025DB85 /* TeamMemberTableViewCell.swift */ = {isa = PBXFileReference; lastKnownFileType = sourcecode.swift; path = TeamMemberTableViewCell.swift; sourceTree = "<group>"; };
		8E00BC0A233CA0130025DB85 /* TeamMember.swift */ = {isa = PBXFileReference; lastKnownFileType = sourcecode.swift; path = TeamMember.swift; sourceTree = "<group>"; };
/* End PBXFileReference section */

/* Begin PBXFrameworksBuildPhase section */
		8E00BBEE233C87A80025DB85 /* Frameworks */ = {
			isa = PBXFrameworksBuildPhase;
			buildActionMask = 2147483647;
			files = (
			);
			runOnlyForDeploymentPostprocessing = 0;
		};
/* End PBXFrameworksBuildPhase section */

/* Begin PBXGroup section */
		0D3F4873233E788D005B5B6E /* Animation */ = {
			isa = PBXGroup;
			children = (
				0D3F486D233E1987005B5B6E /* AnimationFactory.swift */,
				0D3F486E233E1987005B5B6E /* Animator.swift */,
				0D3F4871233E6DA3005B5B6E /* UITableView+Extension.swift */,
			);
			path = Animation;
			sourceTree = "<group>";
		};
		0D3F4875233E78C4005B5B6E /* TeamMember */ = {
			isa = PBXGroup;
			children = (
				8E00BBF6233C87A90025DB85 /* TeamMemberViewController.swift */,
				8E00BC08233C9F9B0025DB85 /* TeamMemberTableViewCell.swift */,
				8E00BC0A233CA0130025DB85 /* TeamMember.swift */,
			);
			path = TeamMember;
			sourceTree = "<group>";
		};
		0D3F4876233E797E005B5B6E /* Support Files */ = {
			isa = PBXGroup;
			children = (
				8E00BBFB233C87AA0025DB85 /* Assets.xcassets */,
				8E00BBF8233C87A90025DB85 /* Main.storyboard */,
				8E00BBFD233C87AA0025DB85 /* LaunchScreen.storyboard */,
				8E00BC00233C87AA0025DB85 /* Info.plist */,
				8E00BC06233C87EA0025DB85 /* team.json */,
			);
			name = "Support Files";
			sourceTree = "<group>";
		};
		8E00BBE8233C87A80025DB85 = {
			isa = PBXGroup;
			children = (
				8E00BBF3233C87A90025DB85 /* QuizUI */,
				8E00BBF2233C87A90025DB85 /* Products */,
			);
			sourceTree = "<group>";
		};
		8E00BBF2233C87A90025DB85 /* Products */ = {
			isa = PBXGroup;
			children = (
				8E00BBF1233C87A90025DB85 /* QuizUI.app */,
			);
			name = Products;
			sourceTree = "<group>";
		};
		8E00BBF3233C87A90025DB85 /* QuizUI */ = {
			isa = PBXGroup;
			children = (
				8E00BBF4233C87A90025DB85 /* AppDelegate.swift */,
				0D3F4875233E78C4005B5B6E /* TeamMember */,
				0D3F4873233E788D005B5B6E /* Animation */,
				0D3F4876233E797E005B5B6E /* Support Files */,
			);
			path = QuizUI;
			sourceTree = "<group>";
		};
/* End PBXGroup section */

/* Begin PBXNativeTarget section */
		8E00BBF0233C87A80025DB85 /* QuizUI */ = {
			isa = PBXNativeTarget;
			buildConfigurationList = 8E00BC03233C87AA0025DB85 /* Build configuration list for PBXNativeTarget "QuizUI" */;
			buildPhases = (
				8E00BBED233C87A80025DB85 /* Sources */,
				8E00BBEE233C87A80025DB85 /* Frameworks */,
				8E00BBEF233C87A80025DB85 /* Resources */,
			);
			buildRules = (
			);
			dependencies = (
			);
			name = QuizUI;
			productName = QuizUI;
			productReference = 8E00BBF1233C87A90025DB85 /* QuizUI.app */;
			productType = "com.apple.product-type.application";
		};
/* End PBXNativeTarget section */

/* Begin PBXProject section */
		8E00BBE9233C87A80025DB85 /* Project object */ = {
			isa = PBXProject;
			attributes = {
				LastSwiftUpdateCheck = 1030;
				LastUpgradeCheck = 1030;
				ORGANIZATIONNAME = eLove_ePhone;
				TargetAttributes = {
					8E00BBF0233C87A80025DB85 = {
						CreatedOnToolsVersion = 10.3;
					};
				};
			};
			buildConfigurationList = 8E00BBEC233C87A80025DB85 /* Build configuration list for PBXProject "QuizUI" */;
			compatibilityVersion = "Xcode 9.3";
			developmentRegion = en;
			hasScannedForEncodings = 0;
			knownRegions = (
				en,
				Base,
			);
			mainGroup = 8E00BBE8233C87A80025DB85;
			productRefGroup = 8E00BBF2233C87A90025DB85 /* Products */;
			projectDirPath = "";
			projectRoot = "";
			targets = (
				8E00BBF0233C87A80025DB85 /* QuizUI */,
			);
		};
/* End PBXProject section */

/* Begin PBXResourcesBuildPhase section */
		8E00BBEF233C87A80025DB85 /* Resources */ = {
			isa = PBXResourcesBuildPhase;
			buildActionMask = 2147483647;
			files = (
				8E00BC07233C87EA0025DB85 /* team.json in Resources */,
				8E00BBFF233C87AA0025DB85 /* LaunchScreen.storyboard in Resources */,
				8E00BBFC233C87AA0025DB85 /* Assets.xcassets in Resources */,
				8E00BBFA233C87A90025DB85 /* Main.storyboard in Resources */,
			);
			runOnlyForDeploymentPostprocessing = 0;
		};
/* End PBXResourcesBuildPhase section */

/* Begin PBXSourcesBuildPhase section */
		8E00BBED233C87A80025DB85 /* Sources */ = {
			isa = PBXSourcesBuildPhase;
			buildActionMask = 2147483647;
			files = (
				0D3F4870233E1988005B5B6E /* Animator.swift in Sources */,
				8E00BBF7233C87A90025DB85 /* TeamMemberViewController.swift in Sources */,
				0D3F486F233E1988005B5B6E /* AnimationFactory.swift in Sources */,
				8E00BC09233C9F9B0025DB85 /* TeamMemberTableViewCell.swift in Sources */,
				0D3F4872233E6DA3005B5B6E /* UITableView+Extension.swift in Sources */,
				8E00BC0B233CA0130025DB85 /* TeamMember.swift in Sources */,
				8E00BBF5233C87A90025DB85 /* AppDelegate.swift in Sources */,
			);
			runOnlyForDeploymentPostprocessing = 0;
		};
/* End PBXSourcesBuildPhase section */

/* Begin PBXVariantGroup section */
		8E00BBF8233C87A90025DB85 /* Main.storyboard */ = {
			isa = PBXVariantGroup;
			children = (
				8E00BBF9233C87A90025DB85 /* Base */,
			);
			name = Main.storyboard;
			sourceTree = "<group>";
		};
		8E00BBFD233C87AA0025DB85 /* LaunchScreen.storyboard */ = {
			isa = PBXVariantGroup;
			children = (
				8E00BBFE233C87AA0025DB85 /* Base */,
			);
			name = LaunchScreen.storyboard;
			sourceTree = "<group>";
		};
/* End PBXVariantGroup section */

/* Begin XCBuildConfiguration section */
		8E00BC01233C87AA0025DB85 /* Debug */ = {
			isa = XCBuildConfiguration;
			buildSettings = {
				ALWAYS_SEARCH_USER_PATHS = NO;
				CLANG_ANALYZER_NONNULL = YES;
				CLANG_ANALYZER_NUMBER_OBJECT_CONVERSION = YES_AGGRESSIVE;
				CLANG_CXX_LANGUAGE_STANDARD = "gnu++14";
				CLANG_CXX_LIBRARY = "libc++";
				CLANG_ENABLE_MODULES = YES;
				CLANG_ENABLE_OBJC_ARC = YES;
				CLANG_ENABLE_OBJC_WEAK = YES;
				CLANG_WARN_BLOCK_CAPTURE_AUTORELEASING = YES;
				CLANG_WARN_BOOL_CONVERSION = YES;
				CLANG_WARN_COMMA = YES;
				CLANG_WARN_CONSTANT_CONVERSION = YES;
				CLANG_WARN_DEPRECATED_OBJC_IMPLEMENTATIONS = YES;
				CLANG_WARN_DIRECT_OBJC_ISA_USAGE = YES_ERROR;
				CLANG_WARN_DOCUMENTATION_COMMENTS = YES;
				CLANG_WARN_EMPTY_BODY = YES;
				CLANG_WARN_ENUM_CONVERSION = YES;
				CLANG_WARN_INFINITE_RECURSION = YES;
				CLANG_WARN_INT_CONVERSION = YES;
				CLANG_WARN_NON_LITERAL_NULL_CONVERSION = YES;
				CLANG_WARN_OBJC_IMPLICIT_RETAIN_SELF = YES;
				CLANG_WARN_OBJC_LITERAL_CONVERSION = YES;
				CLANG_WARN_OBJC_ROOT_CLASS = YES_ERROR;
				CLANG_WARN_RANGE_LOOP_ANALYSIS = YES;
				CLANG_WARN_STRICT_PROTOTYPES = YES;
				CLANG_WARN_SUSPICIOUS_MOVE = YES;
				CLANG_WARN_UNGUARDED_AVAILABILITY = YES_AGGRESSIVE;
				CLANG_WARN_UNREACHABLE_CODE = YES;
				CLANG_WARN__DUPLICATE_METHOD_MATCH = YES;
				CODE_SIGN_IDENTITY = "iPhone Developer";
				COPY_PHASE_STRIP = NO;
				DEBUG_INFORMATION_FORMAT = dwarf;
				ENABLE_STRICT_OBJC_MSGSEND = YES;
				ENABLE_TESTABILITY = YES;
				GCC_C_LANGUAGE_STANDARD = gnu11;
				GCC_DYNAMIC_NO_PIC = NO;
				GCC_NO_COMMON_BLOCKS = YES;
				GCC_OPTIMIZATION_LEVEL = 0;
				GCC_PREPROCESSOR_DEFINITIONS = (
					"DEBUG=1",
					"$(inherited)",
				);
				GCC_WARN_64_TO_32_BIT_CONVERSION = YES;
				GCC_WARN_ABOUT_RETURN_TYPE = YES_ERROR;
				GCC_WARN_UNDECLARED_SELECTOR = YES;
				GCC_WARN_UNINITIALIZED_AUTOS = YES_AGGRESSIVE;
				GCC_WARN_UNUSED_FUNCTION = YES;
				GCC_WARN_UNUSED_VARIABLE = YES;
				IPHONEOS_DEPLOYMENT_TARGET = 12.4;
				MTL_ENABLE_DEBUG_INFO = INCLUDE_SOURCE;
				MTL_FAST_MATH = YES;
				ONLY_ACTIVE_ARCH = YES;
				SDKROOT = iphoneos;
				SWIFT_ACTIVE_COMPILATION_CONDITIONS = DEBUG;
				SWIFT_OPTIMIZATION_LEVEL = "-Onone";
			};
			name = Debug;
		};
		8E00BC02233C87AA0025DB85 /* Release */ = {
			isa = XCBuildConfiguration;
			buildSettings = {
				ALWAYS_SEARCH_USER_PATHS = NO;
				CLANG_ANALYZER_NONNULL = YES;
				CLANG_ANALYZER_NUMBER_OBJECT_CONVERSION = YES_AGGRESSIVE;
				CLANG_CXX_LANGUAGE_STANDARD = "gnu++14";
				CLANG_CXX_LIBRARY = "libc++";
				CLANG_ENABLE_MODULES = YES;
				CLANG_ENABLE_OBJC_ARC = YES;
				CLANG_ENABLE_OBJC_WEAK = YES;
				CLANG_WARN_BLOCK_CAPTURE_AUTORELEASING = YES;
				CLANG_WARN_BOOL_CONVERSION = YES;
				CLANG_WARN_COMMA = YES;
				CLANG_WARN_CONSTANT_CONVERSION = YES;
				CLANG_WARN_DEPRECATED_OBJC_IMPLEMENTATIONS = YES;
				CLANG_WARN_DIRECT_OBJC_ISA_USAGE = YES_ERROR;
				CLANG_WARN_DOCUMENTATION_COMMENTS = YES;
				CLANG_WARN_EMPTY_BODY = YES;
				CLANG_WARN_ENUM_CONVERSION = YES;
				CLANG_WARN_INFINITE_RECURSION = YES;
				CLANG_WARN_INT_CONVERSION = YES;
				CLANG_WARN_NON_LITERAL_NULL_CONVERSION = YES;
				CLANG_WARN_OBJC_IMPLICIT_RETAIN_SELF = YES;
				CLANG_WARN_OBJC_LITERAL_CONVERSION = YES;
				CLANG_WARN_OBJC_ROOT_CLASS = YES_ERROR;
				CLANG_WARN_RANGE_LOOP_ANALYSIS = YES;
				CLANG_WARN_STRICT_PROTOTYPES = YES;
				CLANG_WARN_SUSPICIOUS_MOVE = YES;
				CLANG_WARN_UNGUARDED_AVAILABILITY = YES_AGGRESSIVE;
				CLANG_WARN_UNREACHABLE_CODE = YES;
				CLANG_WARN__DUPLICATE_METHOD_MATCH = YES;
				CODE_SIGN_IDENTITY = "iPhone Developer";
				COPY_PHASE_STRIP = NO;
				DEBUG_INFORMATION_FORMAT = "dwarf-with-dsym";
				ENABLE_NS_ASSERTIONS = NO;
				ENABLE_STRICT_OBJC_MSGSEND = YES;
				GCC_C_LANGUAGE_STANDARD = gnu11;
				GCC_NO_COMMON_BLOCKS = YES;
				GCC_WARN_64_TO_32_BIT_CONVERSION = YES;
				GCC_WARN_ABOUT_RETURN_TYPE = YES_ERROR;
				GCC_WARN_UNDECLARED_SELECTOR = YES;
				GCC_WARN_UNINITIALIZED_AUTOS = YES_AGGRESSIVE;
				GCC_WARN_UNUSED_FUNCTION = YES;
				GCC_WARN_UNUSED_VARIABLE = YES;
				IPHONEOS_DEPLOYMENT_TARGET = 12.4;
				MTL_ENABLE_DEBUG_INFO = NO;
				MTL_FAST_MATH = YES;
				SDKROOT = iphoneos;
				SWIFT_COMPILATION_MODE = wholemodule;
				SWIFT_OPTIMIZATION_LEVEL = "-O";
				VALIDATE_PRODUCT = YES;
			};
			name = Release;
		};
		8E00BC04233C87AA0025DB85 /* Debug */ = {
			isa = XCBuildConfiguration;
			buildSettings = {
				ASSETCATALOG_COMPILER_APPICON_NAME = AppIcon;
				CODE_SIGN_STYLE = Automatic;
				DEVELOPMENT_TEAM = FYWS2XXTMP;
				INFOPLIST_FILE = QuizUI/Info.plist;
				IPHONEOS_DEPLOYMENT_TARGET = 12.0;
				LD_RUNPATH_SEARCH_PATHS = (
					"$(inherited)",
					"@executable_path/Frameworks",
				);
				PRODUCT_BUNDLE_IDENTIFIER = eLove.ePhone.QuizUI;
				PRODUCT_NAME = "$(TARGET_NAME)";
				SWIFT_VERSION = 5.0;
				TARGETED_DEVICE_FAMILY = "1,2";
			};
			name = Debug;
		};
		8E00BC05233C87AA0025DB85 /* Release */ = {
			isa = XCBuildConfiguration;
			buildSettings = {
				ASSETCATALOG_COMPILER_APPICON_NAME = AppIcon;
				CODE_SIGN_STYLE = Automatic;
				DEVELOPMENT_TEAM = FYWS2XXTMP;
				INFOPLIST_FILE = QuizUI/Info.plist;
				IPHONEOS_DEPLOYMENT_TARGET = 12.0;
				LD_RUNPATH_SEARCH_PATHS = (
					"$(inherited)",
					"@executable_path/Frameworks",
				);
				PRODUCT_BUNDLE_IDENTIFIER = eLove.ePhone.QuizUI;
				PRODUCT_NAME = "$(TARGET_NAME)";
				SWIFT_VERSION = 5.0;
				TARGETED_DEVICE_FAMILY = "1,2";
			};
			name = Release;
		};
/* End XCBuildConfiguration section */

/* Begin XCConfigurationList section */
		8E00BBEC233C87A80025DB85 /* Build configuration list for PBXProject "QuizUI" */ = {
			isa = XCConfigurationList;
			buildConfigurations = (
				8E00BC01233C87AA0025DB85 /* Debug */,
				8E00BC02233C87AA0025DB85 /* Release */,
			);
			defaultConfigurationIsVisible = 0;
			defaultConfigurationName = Release;
		};
		8E00BC03233C87AA0025DB85 /* Build configuration list for PBXNativeTarget "QuizUI" */ = {
			isa = XCConfigurationList;
			buildConfigurations = (
				8E00BC04233C87AA0025DB85 /* Debug */,
				8E00BC05233C87AA0025DB85 /* Release */,
			);
			defaultConfigurationIsVisible = 0;
			defaultConfigurationName = Release;
		};
/* End XCConfigurationList section */
	};
	rootObject = 8E00BBE9233C87A80025DB85 /* Project object */;
}
